
Microsoft Visual Studio Solution File, Format Version 12.00
# Visual Studio 2013
VisualStudioVersion = 12.0.40629.0
MinimumVisualStudioVersion = 10.0.40219.1
Project("{FAE04EC0-301F-11D3-BF4B-00C04F79EFBC}") = "WebServiceQLSV", "WebServiceQLSV\WebServiceQLSV.csproj", "{0172406D-BAD6-49B2-8C68-8B7CB1B9A1A6}"
EndProject
Project("{FAE04EC0-301F-11D3-BF4B-00C04F79EFBC}") = "QuanLySinhVien", "QuanLySinhVien\QuanLySinhVien.csproj", "{F9AC5153-22B3-4D69-A986-92695BEF1003}"
EndProject
Global
	GlobalSection(SolutionConfigurationPlatforms) = preSolution
		Debug|Any CPU = Debug|Any CPU
		Release|Any CPU = Release|Any CPU
	EndGlobalSection
	GlobalSection(ProjectConfigurationPlatforms) = postSolution
		{0172406D-BAD6-49B2-8C68-8B7CB1B9A1A6}.Debug|Any CPU.ActiveCfg = Debug|Any CPU
		{0172406D-BAD6-49B2-8C68-8B7CB1B9A1A6}.Debug|Any CPU.Build.0 = Debug|Any CPU
		{0172406D-BAD6-49B2-8C68-8B7CB1B9A1A6}.Release|Any CPU.ActiveCfg = Release|Any CPU
		{0172406D-BAD6-49B2-8C68-8B7CB1B9A1A6}.Release|Any CPU.Build.0 = Release|Any CPU
		{F9AC5153-22B3-4D69-A986-92695BEF1003}.Debug|Any CPU.ActiveCfg = Debug|Any CPU
		{F9AC5153-22B3-4D69-A986-92695BEF1003}.Debug|Any CPU.Build.0 = Debug|Any CPU
		{F9AC5153-22B3-4D69-A986-92695BEF1003}.Release|Any CPU.ActiveCfg = Release|Any CPU
		{F9AC5153-22B3-4D69-A986-92695BEF1003}.Release|Any CPU.Build.0 = Release|Any CPU
	EndGlobalSection
	GlobalSection(SolutionProperties) = preSolution
		HideSolutionNode = FALSE
	EndGlobalSection
EndGlobal
